// !$*UTF8*$!
{
	archiveVersion = 1;
	classes = {
	};
	objectVersion = 77;
	objects = {

/* Begin PBXBuildFile section */
		07DC10CE2D3848FC00D484B3 /* .swiftlint.yml in Resources */ = {isa = PBXBuildFile; fileRef = 07DC10CD2D3848F500D484B3 /* .swiftlint.yml */; };
/* End PBXBuildFile section */

/* Begin PBXContainerItemProxy section */
		490D964F2CD96B51008A2ABA /* PBXContainerItemProxy */ = {
			isa = PBXContainerItemProxy;
			containerPortal = 490D96362CD96B4D008A2ABA /* Project object */;
			proxyType = 1;
			remoteGlobalIDString = 490D963D2CD96B4D008A2ABA;
			remoteInfo = NewsApi;
		};
		490D96592CD96B51008A2ABA /* PBXContainerItemProxy */ = {
			isa = PBXContainerItemProxy;
			containerPortal = 490D96362CD96B4D008A2ABA /* Project object */;
			proxyType = 1;
			remoteGlobalIDString = 490D963D2CD96B4D008A2ABA;
			remoteInfo = NewsApi;
		};
/* End PBXContainerItemProxy section */

/* Begin PBXFileReference section */
		07DC10CD2D3848F500D484B3 /* .swiftlint.yml */ = {isa = PBXFileReference; lastKnownFileType = text.yaml; path = .swiftlint.yml; sourceTree = "<group>"; };
		490D963E2CD96B4D008A2ABA /* NewsApi.app */ = {isa = PBXFileReference; explicitFileType = wrapper.application; includeInIndex = 0; path = NewsApi.app; sourceTree = BUILT_PRODUCTS_DIR; };
		490D964E2CD96B51008A2ABA /* NewsApiTests.xctest */ = {isa = PBXFileReference; explicitFileType = wrapper.cfbundle; includeInIndex = 0; path = NewsApiTests.xctest; sourceTree = BUILT_PRODUCTS_DIR; };
		490D96582CD96B51008A2ABA /* NewsApiUITests.xctest */ = {isa = PBXFileReference; explicitFileType = wrapper.cfbundle; includeInIndex = 0; path = NewsApiUITests.xctest; sourceTree = BUILT_PRODUCTS_DIR; };
/* End PBXFileReference section */

/* Begin PBXFileSystemSynchronizedBuildFileExceptionSet section */
		07DC10D92D38491C00D484B3 /* Exceptions for "NewsApiTests" folder in "NewsApi" target */ = {
			isa = PBXFileSystemSynchronizedBuildFileExceptionSet;
			membershipExceptions = (
				NewsApiTests.swift,
			);
			target = 490D963D2CD96B4D008A2ABA /* NewsApi */;
		};
		07DC10DA2D38491C00D484B3 /* Exceptions for "NewsApiTests" folder in "NewsApiTests" target */ = {
			isa = PBXFileSystemSynchronizedBuildFileExceptionSet;
			membershipExceptions = (
				NewsApiTests.swift,
			);
			target = 490D964D2CD96B51008A2ABA /* NewsApiTests */;
		};
/* End PBXFileSystemSynchronizedBuildFileExceptionSet section */

/* Begin PBXFileSystemSynchronizedRootGroup section */
		07DC10D72D38491C00D484B3 /* NewsApiTests */ = {
			isa = PBXFileSystemSynchronizedRootGroup;
			exceptions = (
				07DC10D92D38491C00D484B3 /* Exceptions for "NewsApiTests" folder in "NewsApi" target */,
				07DC10DA2D38491C00D484B3 /* Exceptions for "NewsApiTests" folder in "NewsApiTests" target */,
			);
			path = NewsApiTests;
			sourceTree = "<group>";
		};
		490D96402CD96B4D008A2ABA /* NewsApi */ = {
			isa = PBXFileSystemSynchronizedRootGroup;
			path = NewsApi;
			sourceTree = "<group>";
		};
		490D965B2CD96B51008A2ABA /* NewsApiUITests */ = {
			isa = PBXFileSystemSynchronizedRootGroup;
			path = NewsApiUITests;
			sourceTree = "<group>";
		};
/* End PBXFileSystemSynchronizedRootGroup section */

/* Begin PBXFrameworksBuildPhase section */
		490D963B2CD96B4D008A2ABA /* Frameworks */ = {
			isa = PBXFrameworksBuildPhase;
			buildActionMask = 2147483647;
			files = (
			);
			runOnlyForDeploymentPostprocessing = 0;
		};
		490D964B2CD96B51008A2ABA /* Frameworks */ = {
			isa = PBXFrameworksBuildPhase;
			buildActionMask = 2147483647;
			files = (
			);
			runOnlyForDeploymentPostprocessing = 0;
		};
		490D96552CD96B51008A2ABA /* Frameworks */ = {
			isa = PBXFrameworksBuildPhase;
			buildActionMask = 2147483647;
			files = (
			);
			runOnlyForDeploymentPostprocessing = 0;
		};
/* End PBXFrameworksBuildPhase section */

/* Begin PBXGroup section */
		490D96352CD96B4D008A2ABA = {
			isa = PBXGroup;
			children = (
				490D96402CD96B4D008A2ABA /* NewsApi */,
				490D965B2CD96B51008A2ABA /* NewsApiUITests */,
				07DC10D72D38491C00D484B3 /* NewsApiTests */,
				07DC10CD2D3848F500D484B3 /* .swiftlint.yml */,
				490D963F2CD96B4D008A2ABA /* Products */,
			);
			sourceTree = "<group>";
		};
		490D963F2CD96B4D008A2ABA /* Products */ = {
			isa = PBXGroup;
			children = (
				490D963E2CD96B4D008A2ABA /* NewsApi.app */,
				490D964E2CD96B51008A2ABA /* NewsApiTests.xctest */,
				490D96582CD96B51008A2ABA /* NewsApiUITests.xctest */,
			);
			name = Products;
			sourceTree = "<group>";
		};
/* End PBXGroup section */

/* Begin PBXNativeTarget section */
		490D963D2CD96B4D008A2ABA /* NewsApi */ = {
			isa = PBXNativeTarget;
			buildConfigurationList = 490D96622CD96B51008A2ABA /* Build configuration list for PBXNativeTarget "NewsApi" */;
			buildPhases = (
				490D963A2CD96B4D008A2ABA /* Sources */,
				490D963B2CD96B4D008A2ABA /* Frameworks */,
				490D963C2CD96B4D008A2ABA /* Resources */,
			);
			buildRules = (
			);
			dependencies = (
				071961AC2D318C55007C9AF7 /* PBXTargetDependency */,
			);
			fileSystemSynchronizedGroups = (
				07DC10D72D38491C00D484B3 /* NewsApiTests */,
				490D96402CD96B4D008A2ABA /* NewsApi */,
			);
			name = NewsApi;
			packageProductDependencies = (
			);
			productName = NewsApi;
			productReference = 490D963E2CD96B4D008A2ABA /* NewsApi.app */;
			productType = "com.apple.product-type.application";
		};
		490D964D2CD96B51008A2ABA /* NewsApiTests */ = {
			isa = PBXNativeTarget;
			buildConfigurationList = 490D96652CD96B51008A2ABA /* Build configuration list for PBXNativeTarget "NewsApiTests" */;
			buildPhases = (
				490D964A2CD96B51008A2ABA /* Sources */,
				490D964B2CD96B51008A2ABA /* Frameworks */,
				490D964C2CD96B51008A2ABA /* Resources */,
			);
			buildRules = (
			);
			dependencies = (
				490D96502CD96B51008A2ABA /* PBXTargetDependency */,
			);
			name = NewsApiTests;
			packageProductDependencies = (
			);
			productName = NewsApiTests;
			productReference = 490D964E2CD96B51008A2ABA /* NewsApiTests.xctest */;
			productType = "com.apple.product-type.bundle.unit-test";
		};
		490D96572CD96B51008A2ABA /* NewsApiUITests */ = {
			isa = PBXNativeTarget;
			buildConfigurationList = 490D96682CD96B51008A2ABA /* Build configuration list for PBXNativeTarget "NewsApiUITests" */;
			buildPhases = (
				490D96542CD96B51008A2ABA /* Sources */,
				490D96552CD96B51008A2ABA /* Frameworks */,
				490D96562CD96B51008A2ABA /* Resources */,
			);
			buildRules = (
			);
			dependencies = (
				490D965A2CD96B51008A2ABA /* PBXTargetDependency */,
			);
			fileSystemSynchronizedGroups = (
				490D965B2CD96B51008A2ABA /* NewsApiUITests */,
			);
			name = NewsApiUITests;
			packageProductDependencies = (
			);
			productName = NewsApiUITests;
			productReference = 490D96582CD96B51008A2ABA /* NewsApiUITests.xctest */;
			productType = "com.apple.product-type.bundle.ui-testing";
		};
/* End PBXNativeTarget section */

/* Begin PBXProject section */
		490D96362CD96B4D008A2ABA /* Project object */ = {
			isa = PBXProject;
			attributes = {
				BuildIndependentTargetsInParallel = 1;
				LastSwiftUpdateCheck = 1610;
				LastUpgradeCheck = 1610;
				TargetAttributes = {
					490D963D2CD96B4D008A2ABA = {
						CreatedOnToolsVersion = 16.1;
					};
					490D964D2CD96B51008A2ABA = {
						CreatedOnToolsVersion = 16.1;
						TestTargetID = 490D963D2CD96B4D008A2ABA;
					};
					490D96572CD96B51008A2ABA = {
						CreatedOnToolsVersion = 16.1;
						TestTargetID = 490D963D2CD96B4D008A2ABA;
					};
				};
			};
			buildConfigurationList = 490D96392CD96B4D008A2ABA /* Build configuration list for PBXProject "NewsApi" */;
			developmentRegion = en;
			hasScannedForEncodings = 0;
			knownRegions = (
				en,
				Base,
			);
			mainGroup = 490D96352CD96B4D008A2ABA;
			minimizedProjectReferenceProxies = 1;
			packageReferences = (
				0719616C2D2D8CB8007C9AF7 /* XCRemoteSwiftPackageReference "SwiftLintPlugins" */,
			);
			preferredProjectObjectVersion = 77;
			productRefGroup = 490D963F2CD96B4D008A2ABA /* Products */;
			projectDirPath = "";
			projectRoot = "";
			targets = (
				490D963D2CD96B4D008A2ABA /* NewsApi */,
				490D964D2CD96B51008A2ABA /* NewsApiTests */,
				490D96572CD96B51008A2ABA /* NewsApiUITests */,
			);
		};
/* End PBXProject section */

/* Begin PBXResourcesBuildPhase section */
		490D963C2CD96B4D008A2ABA /* Resources */ = {
			isa = PBXResourcesBuildPhase;
			buildActionMask = 2147483647;
			files = (
				07DC10CE2D3848FC00D484B3 /* .swiftlint.yml in Resources */,
			);
			runOnlyForDeploymentPostprocessing = 0;
		};
		490D964C2CD96B51008A2ABA /* Resources */ = {
			isa = PBXResourcesBuildPhase;
			buildActionMask = 2147483647;
			files = (
			);
			runOnlyForDeploymentPostprocessing = 0;
		};
		490D96562CD96B51008A2ABA /* Resources */ = {
			isa = PBXResourcesBuildPhase;
			buildActionMask = 2147483647;
			files = (
			);
			runOnlyForDeploymentPostprocessing = 0;
		};
/* End PBXResourcesBuildPhase section */

/* Begin PBXSourcesBuildPhase section */
		490D963A2CD96B4D008A2ABA /* Sources */ = {
			isa = PBXSourcesBuildPhase;
			buildActionMask = 2147483647;
			files = (
			);
			runOnlyForDeploymentPostprocessing = 0;
		};
		490D964A2CD96B51008A2ABA /* Sources */ = {
			isa = PBXSourcesBuildPhase;
			buildActionMask = 2147483647;
			files = (
			);
			runOnlyForDeploymentPostprocessing = 0;
		};
		490D96542CD96B51008A2ABA /* Sources */ = {
			isa = PBXSourcesBuildPhase;
			buildActionMask = 2147483647;
			files = (
			);
			runOnlyForDeploymentPostprocessing = 0;
		};
/* End PBXSourcesBuildPhase section */

/* Begin PBXTargetDependency section */
		071961AC2D318C55007C9AF7 /* PBXTargetDependency */ = {
			isa = PBXTargetDependency;
			productRef = 071961AB2D318C55007C9AF7 /* SwiftLintBuildToolPlugin */;
		};
		490D96502CD96B51008A2ABA /* PBXTargetDependency */ = {
			isa = PBXTargetDependency;
			target = 490D963D2CD96B4D008A2ABA /* NewsApi */;
			targetProxy = 490D964F2CD96B51008A2ABA /* PBXContainerItemProxy */;
		};
		490D965A2CD96B51008A2ABA /* PBXTargetDependency */ = {
			isa = PBXTargetDependency;
			target = 490D963D2CD96B4D008A2ABA /* NewsApi */;
			targetProxy = 490D96592CD96B51008A2ABA /* PBXContainerItemProxy */;
		};
/* End PBXTargetDependency section */

/* Begin XCBuildConfiguration section */
		490D96602CD96B51008A2ABA /* Debug */ = {
			isa = XCBuildConfiguration;
			buildSettings = {
				ALWAYS_SEARCH_USER_PATHS = NO;
				ASSETCATALOG_COMPILER_GENERATE_SWIFT_ASSET_SYMBOL_EXTENSIONS = YES;
				CLANG_ANALYZER_NONNULL = YES;
				CLANG_ANALYZER_NUMBER_OBJECT_CONVERSION = YES_AGGRESSIVE;
				CLANG_CXX_LANGUAGE_STANDARD = "gnu++20";
				CLANG_ENABLE_MODULES = YES;
				CLANG_ENABLE_OBJC_ARC = YES;
				CLANG_ENABLE_OBJC_WEAK = YES;
				CLANG_WARN_BLOCK_CAPTURE_AUTORELEASING = YES;
				CLANG_WARN_BOOL_CONVERSION = YES;
				CLANG_WARN_COMMA = YES;
				CLANG_WARN_CONSTANT_CONVERSION = YES;
				CLANG_WARN_DEPRECATED_OBJC_IMPLEMENTATIONS = YES;
				CLANG_WARN_DIRECT_OBJC_ISA_USAGE = YES_ERROR;
				CLANG_WARN_DOCUMENTATION_COMMENTS = YES;
				CLANG_WARN_EMPTY_BODY = YES;
				CLANG_WARN_ENUM_CONVERSION = YES;
				CLANG_WARN_INFINITE_RECURSION = YES;
				CLANG_WARN_INT_CONVERSION = YES;
				CLANG_WARN_NON_LITERAL_NULL_CONVERSION = YES;
				CLANG_WARN_OBJC_IMPLICIT_RETAIN_SELF = YES;
				CLANG_WARN_OBJC_LITERAL_CONVERSION = YES;
				CLANG_WARN_OBJC_ROOT_CLASS = YES_ERROR;
				CLANG_WARN_QUOTED_INCLUDE_IN_FRAMEWORK_HEADER = YES;
				CLANG_WARN_RANGE_LOOP_ANALYSIS = YES;
				CLANG_WARN_STRICT_PROTOTYPES = YES;
				CLANG_WARN_SUSPICIOUS_MOVE = YES;
				CLANG_WARN_UNGUARDED_AVAILABILITY = YES_AGGRESSIVE;
				CLANG_WARN_UNREACHABLE_CODE = YES;
				CLANG_WARN__DUPLICATE_METHOD_MATCH = YES;
				COPY_PHASE_STRIP = NO;
				DEBUG_INFORMATION_FORMAT = dwarf;
				ENABLE_STRICT_OBJC_MSGSEND = YES;
				ENABLE_TESTABILITY = YES;
				ENABLE_USER_SCRIPT_SANDBOXING = NO;
				GCC_C_LANGUAGE_STANDARD = gnu17;
				GCC_DYNAMIC_NO_PIC = NO;
				GCC_NO_COMMON_BLOCKS = YES;
				GCC_OPTIMIZATION_LEVEL = 0;
				GCC_PREPROCESSOR_DEFINITIONS = (
					"DEBUG=1",
					"$(inherited)",
				);
				GCC_WARN_64_TO_32_BIT_CONVERSION = YES;
				GCC_WARN_ABOUT_RETURN_TYPE = YES_ERROR;
				GCC_WARN_UNDECLARED_SELECTOR = YES;
				GCC_WARN_UNINITIALIZED_AUTOS = YES_AGGRESSIVE;
				GCC_WARN_UNUSED_FUNCTION = YES;
				GCC_WARN_UNUSED_VARIABLE = YES;
				IPHONEOS_DEPLOYMENT_TARGET = 18.1;
				LOCALIZATION_PREFERS_STRING_CATALOGS = YES;
				MTL_ENABLE_DEBUG_INFO = INCLUDE_SOURCE;
				MTL_FAST_MATH = YES;
				ONLY_ACTIVE_ARCH = YES;
				SDKROOT = iphoneos;
				SWIFT_ACTIVE_COMPILATION_CONDITIONS = "DEBUG $(inherited)";
				SWIFT_OPTIMIZATION_LEVEL = "-Onone";
			};
			name = Debug;
		};
		490D96612CD96B51008A2ABA /* Release */ = {
			isa = XCBuildConfiguration;
			buildSettings = {
				ALWAYS_SEARCH_USER_PATHS = NO;
				ASSETCATALOG_COMPILER_GENERATE_SWIFT_ASSET_SYMBOL_EXTENSIONS = YES;
				CLANG_ANALYZER_NONNULL = YES;
				CLANG_ANALYZER_NUMBER_OBJECT_CONVERSION = YES_AGGRESSIVE;
				CLANG_CXX_LANGUAGE_STANDARD = "gnu++20";
				CLANG_ENABLE_MODULES = YES;
				CLANG_ENABLE_OBJC_ARC = YES;
				CLANG_ENABLE_OBJC_WEAK = YES;
				CLANG_WARN_BLOCK_CAPTURE_AUTORELEASING = YES;
				CLANG_WARN_BOOL_CONVERSION = YES;
				CLANG_WARN_COMMA = YES;
				CLANG_WARN_CONSTANT_CONVERSION = YES;
				CLANG_WARN_DEPRECATED_OBJC_IMPLEMENTATIONS = YES;
				CLANG_WARN_DIRECT_OBJC_ISA_USAGE = YES_ERROR;
				CLANG_WARN_DOCUMENTATION_COMMENTS = YES;
				CLANG_WARN_EMPTY_BODY = YES;
				CLANG_WARN_ENUM_CONVERSION = YES;
				CLANG_WARN_INFINITE_RECURSION = YES;
				CLANG_WARN_INT_CONVERSION = YES;
				CLANG_WARN_NON_LITERAL_NULL_CONVERSION = YES;
				CLANG_WARN_OBJC_IMPLICIT_RETAIN_SELF = YES;
				CLANG_WARN_OBJC_LITERAL_CONVERSION = YES;
				CLANG_WARN_OBJC_ROOT_CLASS = YES_ERROR;
				CLANG_WARN_QUOTED_INCLUDE_IN_FRAMEWORK_HEADER = YES;
				CLANG_WARN_RANGE_LOOP_ANALYSIS = YES;
				CLANG_WARN_STRICT_PROTOTYPES = YES;
				CLANG_WARN_SUSPICIOUS_MOVE = YES;
				CLANG_WARN_UNGUARDED_AVAILABILITY = YES_AGGRESSIVE;
				CLANG_WARN_UNREACHABLE_CODE = YES;
				CLANG_WARN__DUPLICATE_METHOD_MATCH = YES;
				COPY_PHASE_STRIP = NO;
				DEBUG_INFORMATION_FORMAT = "dwarf-with-dsym";
				ENABLE_NS_ASSERTIONS = NO;
				ENABLE_STRICT_OBJC_MSGSEND = YES;
				ENABLE_USER_SCRIPT_SANDBOXING = NO;
				GCC_C_LANGUAGE_STANDARD = gnu17;
				GCC_NO_COMMON_BLOCKS = YES;
				GCC_WARN_64_TO_32_BIT_CONVERSION = YES;
				GCC_WARN_ABOUT_RETURN_TYPE = YES_ERROR;
				GCC_WARN_UNDECLARED_SELECTOR = YES;
				GCC_WARN_UNINITIALIZED_AUTOS = YES_AGGRESSIVE;
				GCC_WARN_UNUSED_FUNCTION = YES;
				GCC_WARN_UNUSED_VARIABLE = YES;
				IPHONEOS_DEPLOYMENT_TARGET = 18.1;
				LOCALIZATION_PREFERS_STRING_CATALOGS = YES;
				MTL_ENABLE_DEBUG_INFO = NO;
				MTL_FAST_MATH = YES;
				SDKROOT = iphoneos;
				SWIFT_COMPILATION_MODE = wholemodule;
				VALIDATE_PRODUCT = YES;
			};
			name = Release;
		};
		490D96632CD96B51008A2ABA /* Debug */ = {
			isa = XCBuildConfiguration;
			buildSettings = {
				ASSETCATALOG_COMPILER_APPICON_NAME = AppIcon;
				ASSETCATALOG_COMPILER_GLOBAL_ACCENT_COLOR_NAME = AccentColor;
				CODE_SIGN_STYLE = Automatic;
				CURRENT_PROJECT_VERSION = 1;
				DEVELOPMENT_ASSET_PATHS = "\"NewsApi/Preview Content\"";
				DEVELOPMENT_TEAM = NY4YU3EEH7;
				ENABLE_PREVIEWS = YES;
				GENERATE_INFOPLIST_FILE = YES;
				INFOPLIST_KEY_UIApplicationSceneManifest_Generation = YES;
				INFOPLIST_KEY_UIApplicationSupportsIndirectInputEvents = YES;
				INFOPLIST_KEY_UILaunchScreen_Generation = YES;
				INFOPLIST_KEY_UISupportedInterfaceOrientations_iPad = "UIInterfaceOrientationPortrait UIInterfaceOrientationPortraitUpsideDown UIInterfaceOrientationLandscapeLeft UIInterfaceOrientationLandscapeRight";
				INFOPLIST_KEY_UISupportedInterfaceOrientations_iPhone = "UIInterfaceOrientationPortrait UIInterfaceOrientationLandscapeLeft UIInterfaceOrientationLandscapeRight";
				LD_RUNPATH_SEARCH_PATHS = (
					"$(inherited)",
					"@executable_path/Frameworks",
				);
				MARKETING_VERSION = 1.0;
				PRODUCT_BUNDLE_IDENTIFIER = "com.lome-.NewsApi";
				PRODUCT_NAME = "$(TARGET_NAME)";
				SWIFT_EMIT_LOC_STRINGS = YES;
				SWIFT_VERSION = 5.0;
				TARGETED_DEVICE_FAMILY = "1,2";
			};
			name = Debug;
		};
		490D96642CD96B51008A2ABA /* Release */ = {
			isa = XCBuildConfiguration;
			buildSettings = {
				ASSETCATALOG_COMPILER_APPICON_NAME = AppIcon;
				ASSETCATALOG_COMPILER_GLOBAL_ACCENT_COLOR_NAME = AccentColor;
				CODE_SIGN_STYLE = Automatic;
				CURRENT_PROJECT_VERSION = 1;
				DEVELOPMENT_ASSET_PATHS = "\"NewsApi/Preview Content\"";
				DEVELOPMENT_TEAM = NY4YU3EEH7;
				ENABLE_PREVIEWS = YES;
				GENERATE_INFOPLIST_FILE = YES;
				INFOPLIST_KEY_UIApplicationSceneManifest_Generation = YES;
				INFOPLIST_KEY_UIApplicationSupportsIndirectInputEvents = YES;
				INFOPLIST_KEY_UILaunchScreen_Generation = YES;
				INFOPLIST_KEY_UISupportedInterfaceOrientations_iPad = "UIInterfaceOrientationPortrait UIInterfaceOrientationPortraitUpsideDown UIInterfaceOrientationLandscapeLeft UIInterfaceOrientationLandscapeRight";
				INFOPLIST_KEY_UISupportedInterfaceOrientations_iPhone = "UIInterfaceOrientationPortrait UIInterfaceOrientationLandscapeLeft UIInterfaceOrientationLandscapeRight";
				LD_RUNPATH_SEARCH_PATHS = (
					"$(inherited)",
					"@executable_path/Frameworks",
				);
				MARKETING_VERSION = 1.0;
				PRODUCT_BUNDLE_IDENTIFIER = "com.lome-.NewsApi";
				PRODUCT_NAME = "$(TARGET_NAME)";
				SWIFT_EMIT_LOC_STRINGS = YES;
				SWIFT_VERSION = 5.0;
				TARGETED_DEVICE_FAMILY = "1,2";
			};
			name = Release;
		};
		490D96662CD96B51008A2ABA /* Debug */ = {
			isa = XCBuildConfiguration;
			buildSettings = {
				BUNDLE_LOADER = "$(TEST_HOST)";
				CODE_SIGN_STYLE = Automatic;
				CURRENT_PROJECT_VERSION = 1;
				DEVELOPMENT_TEAM = NY4YU3EEH7;
				GENERATE_INFOPLIST_FILE = YES;
				IPHONEOS_DEPLOYMENT_TARGET = 18.1;
				MARKETING_VERSION = 1.0;
				PRODUCT_BUNDLE_IDENTIFIER = "com.lome-.NewsApiTests";
				PRODUCT_NAME = "$(TARGET_NAME)";
				SWIFT_EMIT_LOC_STRINGS = NO;
				SWIFT_VERSION = 5.0;
				TARGETED_DEVICE_FAMILY = "1,2";
				TEST_HOST = "$(BUILT_PRODUCTS_DIR)/NewsApi.app/$(BUNDLE_EXECUTABLE_FOLDER_PATH)/NewsApi";
			};
			name = Debug;
		};
		490D96672CD96B51008A2ABA /* Release */ = {
			isa = XCBuildConfiguration;
			buildSettings = {
				BUNDLE_LOADER = "$(TEST_HOST)";
				CODE_SIGN_STYLE = Automatic;
				CURRENT_PROJECT_VERSION = 1;
				DEVELOPMENT_TEAM = NY4YU3EEH7;
				GENERATE_INFOPLIST_FILE = YES;
				IPHONEOS_DEPLOYMENT_TARGET = 18.1;
				MARKETING_VERSION = 1.0;
				PRODUCT_BUNDLE_IDENTIFIER = "com.lome-.NewsApiTests";
				PRODUCT_NAME = "$(TARGET_NAME)";
				SWIFT_EMIT_LOC_STRINGS = NO;
				SWIFT_VERSION = 5.0;
				TARGETED_DEVICE_FAMILY = "1,2";
				TEST_HOST = "$(BUILT_PRODUCTS_DIR)/NewsApi.app/$(BUNDLE_EXECUTABLE_FOLDER_PATH)/NewsApi";
			};
			name = Release;
		};
		490D96692CD96B51008A2ABA /* Debug */ = {
			isa = XCBuildConfiguration;
			buildSettings = {
				CODE_SIGN_STYLE = Automatic;
				CURRENT_PROJECT_VERSION = 1;
				DEVELOPMENT_TEAM = NY4YU3EEH7;
				GENERATE_INFOPLIST_FILE = YES;
				MARKETING_VERSION = 1.0;
				PRODUCT_BUNDLE_IDENTIFIER = "com.lome-.NewsApiUITests";
				PRODUCT_NAME = "$(TARGET_NAME)";
				SWIFT_EMIT_LOC_STRINGS = NO;
				SWIFT_VERSION = 5.0;
				TARGETED_DEVICE_FAMILY = "1,2";
				TEST_TARGET_NAME = NewsApi;
			};
			name = Debug;
		};
		490D966A2CD96B51008A2ABA /* Release */ = {
			isa = XCBuildConfiguration;
			buildSettings = {
				CODE_SIGN_STYLE = Automatic;
				CURRENT_PROJECT_VERSION = 1;
				DEVELOPMENT_TEAM = NY4YU3EEH7;
				GENERATE_INFOPLIST_FILE = YES;
				MARKETING_VERSION = 1.0;
				PRODUCT_BUNDLE_IDENTIFIER = "com.lome-.NewsApiUITests";
				PRODUCT_NAME = "$(TARGET_NAME)";
				SWIFT_EMIT_LOC_STRINGS = NO;
				SWIFT_VERSION = 5.0;
				TARGETED_DEVICE_FAMILY = "1,2";
				TEST_TARGET_NAME = NewsApi;
			};
			name = Release;
		};
/* End XCBuildConfiguration section */

/* Begin XCConfigurationList section */
		490D96392CD96B4D008A2ABA /* Build configuration list for PBXProject "NewsApi" */ = {
			isa = XCConfigurationList;
			buildConfigurations = (
				490D96602CD96B51008A2ABA /* Debug */,
				490D96612CD96B51008A2ABA /* Release */,
			);
			defaultConfigurationIsVisible = 0;
			defaultConfigurationName = Release;
		};
		490D96622CD96B51008A2ABA /* Build configuration list for PBXNativeTarget "NewsApi" */ = {
			isa = XCConfigurationList;
			buildConfigurations = (
				490D96632CD96B51008A2ABA /* Debug */,
				490D96642CD96B51008A2ABA /* Release */,
			);
			defaultConfigurationIsVisible = 0;
			defaultConfigurationName = Release;
		};
		490D96652CD96B51008A2ABA /* Build configuration list for PBXNativeTarget "NewsApiTests" */ = {
			isa = XCConfigurationList;
			buildConfigurations = (
				490D96662CD96B51008A2ABA /* Debug */,
				490D96672CD96B51008A2ABA /* Release */,
			);
			defaultConfigurationIsVisible = 0;
			defaultConfigurationName = Release;
		};
		490D96682CD96B51008A2ABA /* Build configuration list for PBXNativeTarget "NewsApiUITests" */ = {
			isa = XCConfigurationList;
			buildConfigurations = (
				490D96692CD96B51008A2ABA /* Debug */,
				490D966A2CD96B51008A2ABA /* Release */,
			);
			defaultConfigurationIsVisible = 0;
			defaultConfigurationName = Release;
		};
/* End XCConfigurationList section */

/* Begin XCRemoteSwiftPackageReference section */
		0719616C2D2D8CB8007C9AF7 /* XCRemoteSwiftPackageReference "SwiftLintPlugins" */ = {
			isa = XCRemoteSwiftPackageReference;
			repositoryURL = "https://github.com/SimplyDanny/SwiftLintPlugins";
			requirement = {
				kind = upToNextMajorVersion;
				minimumVersion = 0.57.1;
			};
		};
/* End XCRemoteSwiftPackageReference section */

/* Begin XCSwiftPackageProductDependency section */
		071961AB2D318C55007C9AF7 /* SwiftLintBuildToolPlugin */ = {
			isa = XCSwiftPackageProductDependency;
			package = 0719616C2D2D8CB8007C9AF7 /* XCRemoteSwiftPackageReference "SwiftLintPlugins" */;
			productName = "plugin:SwiftLintBuildToolPlugin";
		};
/* End XCSwiftPackageProductDependency section */
	};
	rootObject = 490D96362CD96B4D008A2ABA /* Project object */;
}
